
Microsoft Visual Studio Solution File, Format Version 12.00
# Visual Studio Version 17
VisualStudioVersion = 17.11.35312.102
MinimumVisualStudioVersion = 10.0.40219.1
Project("{FAE04EC0-301F-11D3-BF4B-00C04F79EFBC}") = "Petpals", "Petpals\Petpals.csproj", "{B90B9051-1E60-49E0-9C64-5B93D3C9E2D9}"
EndProject
Global
	GlobalSection(SolutionConfigurationPlatforms) = preSolution
		Debug|Any CPU = Debug|Any CPU
		Release|Any CPU = Release|Any CPU
	EndGlobalSection
	GlobalSection(ProjectConfigurationPlatforms) = postSolution
		{B90B9051-1E60-49E0-9C64-5B93D3C9E2D9}.Debug|Any CPU.ActiveCfg = Debug|Any CPU
		{B90B9051-1E60-49E0-9C64-5B93D3C9E2D9}.Debug|Any CPU.Build.0 = Debug|Any CPU
		{B90B9051-1E60-49E0-9C64-5B93D3C9E2D9}.Release|Any CPU.ActiveCfg = Release|Any CPU
		{B90B9051-1E60-49E0-9C64-5B93D3C9E2D9}.Release|Any CPU.Build.0 = Release|Any CPU
	EndGlobalSection
	GlobalSection(SolutionProperties) = preSolution
		HideSolutionNode = FALSE
	EndGlobalSection
	GlobalSection(ExtensibilityGlobals) = postSolution
		SolutionGuid = {088CDE02-FFFA-4024-80E8-C959E8259BBE}
	EndGlobalSection
EndGlobal
